
Microsoft Visual Studio Solution File, Format Version 12.00
# Visual Studio Version 17
VisualStudioVersion = 17.1.32328.378
MinimumVisualStudioVersion = 10.0.40219.1
Project("{9A19103F-16F7-4668-BE54-9A1E7A4F7556}") = "WebSocketGateway.Web", "WebSocketGateway.Web\WebSocketGateway.Web.csproj", "{7E076805-1CBA-4820-8E6C-FF7AAE265CB4}"
EndProject
Project("{FAE04EC0-301F-11D3-BF4B-00C04F79EFBC}") = "WebSocketGateway.Services", "WebSocketGateway.Services\WebSocketGateway.Services.csproj", "{57CAE64C-4258-45E7-A1B7-692732F7BE46}"
EndProject
Project("{FAE04EC0-301F-11D3-BF4B-00C04F79EFBC}") = "WebSocketGateway.Models", "WebSocketGateway.Models\WebSocketGateway.Models.csproj", "{42E05872-1667-4072-A659-73598BCB1B3B}"
EndProject
Global
	GlobalSection(SolutionConfigurationPlatforms) = preSolution
		Debug|Any CPU = Debug|Any CPU
		Release|Any CPU = Release|Any CPU
	EndGlobalSection
	GlobalSection(ProjectConfigurationPlatforms) = postSolution
		{7E076805-1CBA-4820-8E6C-FF7AAE265CB4}.Debug|Any CPU.ActiveCfg = Debug|Any CPU
		{7E076805-1CBA-4820-8E6C-FF7AAE265CB4}.Debug|Any CPU.Build.0 = Debug|Any CPU
		{7E076805-1CBA-4820-8E6C-FF7AAE265CB4}.Release|Any CPU.ActiveCfg = Release|Any CPU
		{7E076805-1CBA-4820-8E6C-FF7AAE265CB4}.Release|Any CPU.Build.0 = Release|Any CPU
		{57CAE64C-4258-45E7-A1B7-692732F7BE46}.Debug|Any CPU.ActiveCfg = Debug|Any CPU
		{57CAE64C-4258-45E7-A1B7-692732F7BE46}.Debug|Any CPU.Build.0 = Debug|Any CPU
		{57CAE64C-4258-45E7-A1B7-692732F7BE46}.Release|Any CPU.ActiveCfg = Release|Any CPU
		{57CAE64C-4258-45E7-A1B7-692732F7BE46}.Release|Any CPU.Build.0 = Release|Any CPU
		{42E05872-1667-4072-A659-73598BCB1B3B}.Debug|Any CPU.ActiveCfg = Debug|Any CPU
		{42E05872-1667-4072-A659-73598BCB1B3B}.Debug|Any CPU.Build.0 = Debug|Any CPU
		{42E05872-1667-4072-A659-73598BCB1B3B}.Release|Any CPU.ActiveCfg = Release|Any CPU
		{42E05872-1667-4072-A659-73598BCB1B3B}.Release|Any CPU.Build.0 = Release|Any CPU
	EndGlobalSection
	GlobalSection(SolutionProperties) = preSolution
		HideSolutionNode = FALSE
	EndGlobalSection
	GlobalSection(ExtensibilityGlobals) = postSolution
		SolutionGuid = {C57E24F3-C132-4479-8408-F55AC626AE7A}
	EndGlobalSection
EndGlobal
